
Microsoft Visual Studio Solution File, Format Version 12.00
# Visual Studio Version 16
VisualStudioVersion = 16.0.30611.23
MinimumVisualStudioVersion = 10.0.40219.1
Project("{FAE04EC0-301F-11D3-BF4B-00C04F79EFBC}") = "ArgumentParserSharp", "ArgumentParserSharp\ArgumentParserSharp.csproj", "{7B124137-9948-4FD9-A819-EDB80B478C63}"
EndProject
Global
	GlobalSection(SolutionConfigurationPlatforms) = preSolution
		Debug|Any CPU = Debug|Any CPU
		Release|Any CPU = Release|Any CPU
	EndGlobalSection
	GlobalSection(ProjectConfigurationPlatforms) = postSolution
		{7B124137-9948-4FD9-A819-EDB80B478C63}.Debug|Any CPU.ActiveCfg = Debug|Any CPU
		{7B124137-9948-4FD9-A819-EDB80B478C63}.Debug|Any CPU.Build.0 = Debug|Any CPU
		{7B124137-9948-4FD9-A819-EDB80B478C63}.Release|Any CPU.ActiveCfg = Release|Any CPU
		{7B124137-9948-4FD9-A819-EDB80B478C63}.Release|Any CPU.Build.0 = Release|Any CPU
	EndGlobalSection
	GlobalSection(SolutionProperties) = preSolution
		HideSolutionNode = FALSE
	EndGlobalSection
	GlobalSection(ExtensibilityGlobals) = postSolution
		SolutionGuid = {0194A779-44DA-41DB-892D-30BBF8738625}
	EndGlobalSection
EndGlobal
